
Microsoft Visual Studio Solution File, Format Version 12.00
# Visual Studio Version 17
VisualStudioVersion = 17.3.32929.385
MinimumVisualStudioVersion = 10.0.40219.1
Project("{FAE04EC0-301F-11D3-BF4B-00C04F79EFBC}") = "Goover", "Goover\Goover.csproj", "{04AAF21C-4CDF-4FEE-838D-4D513F1F08FC}"
EndProject
Global
	GlobalSection(SolutionConfigurationPlatforms) = preSolution
		Debug|Any CPU = Debug|Any CPU
		Release|Any CPU = Release|Any CPU
	EndGlobalSection
	GlobalSection(ProjectConfigurationPlatforms) = postSolution
		{04AAF21C-4CDF-4FEE-838D-4D513F1F08FC}.Debug|Any CPU.ActiveCfg = Debug|Any CPU
		{04AAF21C-4CDF-4FEE-838D-4D513F1F08FC}.Debug|Any CPU.Build.0 = Debug|Any CPU
		{04AAF21C-4CDF-4FEE-838D-4D513F1F08FC}.Release|Any CPU.ActiveCfg = Release|Any CPU
		{04AAF21C-4CDF-4FEE-838D-4D513F1F08FC}.Release|Any CPU.Build.0 = Release|Any CPU
	EndGlobalSection
	GlobalSection(SolutionProperties) = preSolution
		HideSolutionNode = FALSE
	EndGlobalSection
	GlobalSection(ExtensibilityGlobals) = postSolution
		SolutionGuid = {1A4946DB-7E42-45BA-BFD1-6950BAE93CAA}
	EndGlobalSection
EndGlobal
